
Microsoft Visual Studio Solution File, Format Version 12.00
# Visual Studio Version 17
VisualStudioVersion = 17.3.32929.385
MinimumVisualStudioVersion = 10.0.40219.1
Project("{FAE04EC0-301F-11D3-BF4B-00C04F79EFBC}") = "MenuAndToolBar", "MenuAndToolBar\MenuAndToolBar.csproj", "{2DC783E1-6C0D-4AB2-A826-2AAB7AE61493}"
EndProject
Global
	GlobalSection(SolutionConfigurationPlatforms) = preSolution
		Debug|ARM = Debug|ARM
		Debug|ARM64 = Debug|ARM64
		Debug|x64 = Debug|x64
		Debug|x86 = Debug|x86
		Release|ARM = Release|ARM
		Release|ARM64 = Release|ARM64
		Release|x64 = Release|x64
		Release|x86 = Release|x86
	EndGlobalSection
	GlobalSection(ProjectConfigurationPlatforms) = postSolution
		{2DC783E1-6C0D-4AB2-A826-2AAB7AE61493}.Debug|ARM.ActiveCfg = Debug|ARM
		{2DC783E1-6C0D-4AB2-A826-2AAB7AE61493}.Debug|ARM.Build.0 = Debug|ARM
		{2DC783E1-6C0D-4AB2-A826-2AAB7AE61493}.Debug|ARM.Deploy.0 = Debug|ARM
		{2DC783E1-6C0D-4AB2-A826-2AAB7AE61493}.Debug|ARM64.ActiveCfg = Debug|ARM64
		{2DC783E1-6C0D-4AB2-A826-2AAB7AE61493}.Debug|ARM64.Build.0 = Debug|ARM64
		{2DC783E1-6C0D-4AB2-A826-2AAB7AE61493}.Debug|ARM64.Deploy.0 = Debug|ARM64
		{2DC783E1-6C0D-4AB2-A826-2AAB7AE61493}.Debug|x64.ActiveCfg = Debug|x64
		{2DC783E1-6C0D-4AB2-A826-2AAB7AE61493}.Debug|x64.Build.0 = Debug|x64
		{2DC783E1-6C0D-4AB2-A826-2AAB7AE61493}.Debug|x64.Deploy.0 = Debug|x64
		{2DC783E1-6C0D-4AB2-A826-2AAB7AE61493}.Debug|x86.ActiveCfg = Debug|x86
		{2DC783E1-6C0D-4AB2-A826-2AAB7AE61493}.Debug|x86.Build.0 = Debug|x86
		{2DC783E1-6C0D-4AB2-A826-2AAB7AE61493}.Debug|x86.Deploy.0 = Debug|x86
		{2DC783E1-6C0D-4AB2-A826-2AAB7AE61493}.Release|ARM.ActiveCfg = Release|ARM
		{2DC783E1-6C0D-4AB2-A826-2AAB7AE61493}.Release|ARM.Build.0 = Release|ARM
		{2DC783E1-6C0D-4AB2-A826-2AAB7AE61493}.Release|ARM.Deploy.0 = Release|ARM
		{2DC783E1-6C0D-4AB2-A826-2AAB7AE61493}.Release|ARM64.ActiveCfg = Release|ARM64
		{2DC783E1-6C0D-4AB2-A826-2AAB7AE61493}.Release|ARM64.Build.0 = Release|ARM64
		{2DC783E1-6C0D-4AB2-A826-2AAB7AE61493}.Release|ARM64.Deploy.0 = Release|ARM64
		{2DC783E1-6C0D-4AB2-A826-2AAB7AE61493}.Release|x64.ActiveCfg = Release|x64
		{2DC783E1-6C0D-4AB2-A826-2AAB7AE61493}.Release|x64.Build.0 = Release|x64
		{2DC783E1-6C0D-4AB2-A826-2AAB7AE61493}.Release|x64.Deploy.0 = Release|x64
		{2DC783E1-6C0D-4AB2-A826-2AAB7AE61493}.Release|x86.ActiveCfg = Release|x86
		{2DC783E1-6C0D-4AB2-A826-2AAB7AE61493}.Release|x86.Build.0 = Release|x86
		{2DC783E1-6C0D-4AB2-A826-2AAB7AE61493}.Release|x86.Deploy.0 = Release|x86
	EndGlobalSection
	GlobalSection(SolutionProperties) = preSolution
		HideSolutionNode = FALSE
	EndGlobalSection
	GlobalSection(ExtensibilityGlobals) = postSolution
		SolutionGuid = {9F18F395-DCE3-4AB9-8597-294318BC41C7}
	EndGlobalSection
EndGlobal
